
Microsoft Visual Studio Solution File, Format Version 12.00
# Visual Studio Version 17
VisualStudioVersion = 17.4.33110.190
MinimumVisualStudioVersion = 10.0.40219.1
Project("{9A19103F-16F7-4668-BE54-9A1E7A4F7556}") = "MarketWatchApi", "MarketWatchApi.csproj", "{9E25FCB0-1959-4B2C-B229-D9094C495186}"
EndProject
Global
	GlobalSection(SolutionConfigurationPlatforms) = preSolution
		Debug|Any CPU = Debug|Any CPU
		Release|Any CPU = Release|Any CPU
	EndGlobalSection
	GlobalSection(ProjectConfigurationPlatforms) = postSolution
		{9E25FCB0-1959-4B2C-B229-D9094C495186}.Debug|Any CPU.ActiveCfg = Debug|Any CPU
		{9E25FCB0-1959-4B2C-B229-D9094C495186}.Debug|Any CPU.Build.0 = Debug|Any CPU
		{9E25FCB0-1959-4B2C-B229-D9094C495186}.Release|Any CPU.ActiveCfg = Release|Any CPU
		{9E25FCB0-1959-4B2C-B229-D9094C495186}.Release|Any CPU.Build.0 = Release|Any CPU
	EndGlobalSection
	GlobalSection(SolutionProperties) = preSolution
		HideSolutionNode = FALSE
	EndGlobalSection
	GlobalSection(ExtensibilityGlobals) = postSolution
		SolutionGuid = {729B6A7D-647C-47C4-9636-D289AAD270A4}
	EndGlobalSection
EndGlobal
